
Microsoft Visual Studio Solution File, Format Version 12.00
# Visual Studio 2017
Project("{FAE04EC0-301F-11D3-BF4B-00C04F79EFBC}") = "VrMaster", "VrMaster.csproj", "{BCC49AC5-27B2-BA0A-1176-30E9150991CD}"
EndProject
Project("{FAE04EC0-301F-11D3-BF4B-00C04F79EFBC}") = "VrMaster.Plugins", "VrMaster.Plugins.csproj", "{D044F6E1-EAD4-011E-BBE1-9AE40DB37540}"
EndProject
Project("{FAE04EC0-301F-11D3-BF4B-00C04F79EFBC}") = "VrMaster.Editor.Plugins", "VrMaster.Editor.Plugins.csproj", "{7BC42555-F565-2F2B-3351-8BA89439C1B2}"
EndProject
Project("{FAE04EC0-301F-11D3-BF4B-00C04F79EFBC}") = "VrMaster.Editor", "VrMaster.Editor.csproj", "{54B2A95B-BEDB-5F13-6AB1-85ADFA6F5CD2}"
EndProject
Global
	GlobalSection(SolutionConfigurationPlatforms) = preSolution
		Debug|Any CPU = Debug|Any CPU
		Release|Any CPU = Release|Any CPU
	EndGlobalSection
	GlobalSection(ProjectConfigurationPlatforms) = postSolution
		{BCC49AC5-27B2-BA0A-1176-30E9150991CD}.Debug|Any CPU.ActiveCfg = Debug|Any CPU
		{BCC49AC5-27B2-BA0A-1176-30E9150991CD}.Debug|Any CPU.Build.0 = Debug|Any CPU
		{BCC49AC5-27B2-BA0A-1176-30E9150991CD}.Release|Any CPU.ActiveCfg = Release|Any CPU
		{BCC49AC5-27B2-BA0A-1176-30E9150991CD}.Release|Any CPU.Build.0 = Release|Any CPU
		{D044F6E1-EAD4-011E-BBE1-9AE40DB37540}.Debug|Any CPU.ActiveCfg = Debug|Any CPU
		{D044F6E1-EAD4-011E-BBE1-9AE40DB37540}.Debug|Any CPU.Build.0 = Debug|Any CPU
		{D044F6E1-EAD4-011E-BBE1-9AE40DB37540}.Release|Any CPU.ActiveCfg = Release|Any CPU
		{D044F6E1-EAD4-011E-BBE1-9AE40DB37540}.Release|Any CPU.Build.0 = Release|Any CPU
		{7BC42555-F565-2F2B-3351-8BA89439C1B2}.Debug|Any CPU.ActiveCfg = Debug|Any CPU
		{7BC42555-F565-2F2B-3351-8BA89439C1B2}.Debug|Any CPU.Build.0 = Debug|Any CPU
		{7BC42555-F565-2F2B-3351-8BA89439C1B2}.Release|Any CPU.ActiveCfg = Release|Any CPU
		{7BC42555-F565-2F2B-3351-8BA89439C1B2}.Release|Any CPU.Build.0 = Release|Any CPU
		{54B2A95B-BEDB-5F13-6AB1-85ADFA6F5CD2}.Debug|Any CPU.ActiveCfg = Debug|Any CPU
		{54B2A95B-BEDB-5F13-6AB1-85ADFA6F5CD2}.Debug|Any CPU.Build.0 = Debug|Any CPU
		{54B2A95B-BEDB-5F13-6AB1-85ADFA6F5CD2}.Release|Any CPU.ActiveCfg = Release|Any CPU
		{54B2A95B-BEDB-5F13-6AB1-85ADFA6F5CD2}.Release|Any CPU.Build.0 = Release|Any CPU
	EndGlobalSection
	GlobalSection(SolutionProperties) = preSolution
		HideSolutionNode = FALSE
	EndGlobalSection
EndGlobal
